
Microsoft Visual Studio Solution File, Format Version 12.00
Project("{FAE04EC0-301F-11D3-BF4B-00C04F79EFBC}") = "EasyBulkCopy", "src\EasyBulkCopy\EasyBulkCopy.csproj", "{D75531BF-85D9-4CBA-8ADE-BA975C1AB880}"
EndProject
Project("{FAE04EC0-301F-11D3-BF4B-00C04F79EFBC}") = "EasyBulkCopy.Tests", "tests\EasyBulkCopy.Tests\EasyBulkCopy.Tests.csproj", "{E30BAF38-16FE-4A8C-845F-9549165AC17D}"
EndProject
Global
	GlobalSection(SolutionConfigurationPlatforms) = preSolution
		Debug|Any CPU = Debug|Any CPU
		Release|Any CPU = Release|Any CPU
	EndGlobalSection
	GlobalSection(ProjectConfigurationPlatforms) = postSolution
		{D75531BF-85D9-4CBA-8ADE-BA975C1AB880}.Debug|Any CPU.ActiveCfg = Debug|Any CPU
		{D75531BF-85D9-4CBA-8ADE-BA975C1AB880}.Debug|Any CPU.Build.0 = Debug|Any CPU
		{D75531BF-85D9-4CBA-8ADE-BA975C1AB880}.Release|Any CPU.ActiveCfg = Release|Any CPU
		{D75531BF-85D9-4CBA-8ADE-BA975C1AB880}.Release|Any CPU.Build.0 = Release|Any CPU
		{E30BAF38-16FE-4A8C-845F-9549165AC17D}.Debug|Any CPU.ActiveCfg = Debug|Any CPU
		{E30BAF38-16FE-4A8C-845F-9549165AC17D}.Debug|Any CPU.Build.0 = Debug|Any CPU
		{E30BAF38-16FE-4A8C-845F-9549165AC17D}.Release|Any CPU.ActiveCfg = Release|Any CPU
		{E30BAF38-16FE-4A8C-845F-9549165AC17D}.Release|Any CPU.Build.0 = Release|Any CPU
	EndGlobalSection
EndGlobal
